# This file is automatically @generated by Poetry 1.8.3 and should not be changed by hand.

[[package]]
name = "cryptg"
version = "0.5.0.post0"
description = "Cryptographic utilities for Telegram."
optional = false
python-versions = ">=3.7"
files = [
    {file = "cryptg-0.5.0.post0-cp310-cp310-macosx_11_0_arm64.whl", hash = "sha256:9eb089ab72d52cb900458aac46986b6f41b3b2ddf0ffd4b82a2e88f01eac3b93"},
    {file = "cryptg-0.5.0.post0-cp310-cp310-manylinux_2_17_aarch64.manylinux2014_aarch64.whl", hash = "sha256:028c5a8f39f491e374d9d3d73d7d1767097a960437a01dda112bdd37767ca9c0"},
    {file = "cryptg-0.5.0.post0-cp310-cp310-manylinux_2_17_x86_64.manylinux2014_x86_64.whl", hash = "sha256:5e30ee45b6dfdd6cc5293bf74f163449c72887012d881780cf77aa712e5165b3"},
    {file = "cryptg-0.5.0.post0-cp310-cp310-manylinux_2_5_i686.manylinux1_i686.manylinux_2_17_i686.manylinux2014_i686.whl", hash = "sha256:7519deefe2df2851d1f4963443de2ba461c8272c98cbcc612a0a157fd2ad4840"},
    {file = "cryptg-0.5.0.post0-cp310-cp310-win32.whl", hash = "sha256:13b0734217d38eaa41f752570bc0b3689e69180e8e381b872542a24cf7cc6931"},
    {file = "cryptg-0.5.0.post0-cp310-cp310-win_amd64.whl", hash = "sha256:45997ddb2cba61c3c9eeb96acf2dd9d4546677858754f7562e8db09a0d31edea"},
    {file = "cryptg-0.5.0.post0-cp311-cp311-macosx_11_0_arm64.whl", hash = "sha256:d82293ea2515fe38300824fc075f5d4ec3e0fd3142a9ada1d88dae4f553eefec"},
    {file = "cryptg-0.5.0.post0-cp311-cp311-manylinux_2_17_aarch64.manylinux2014_aarch64.whl", hash = "sha256:c2c066b4a2ee4ed90298d557cac19db9c834bd7e4e8435a1e024393155b850bf"},
    {file = "cryptg-0.5.0.post0-cp311-cp311-manylinux_2_17_x86_64.manylinux2014_x86_64.whl", hash = "sha256:209cf9a499e9cdb91580c8a5f9a3b7e475514016352350aea3d0a58656d4c2fe"},
    {file = "cryptg-0.5.0.post0-cp311-cp311-manylinux_2_5_i686.manylinux1_i686.manylinux_2_17_i686.manylinux2014_i686.whl", hash = "sha256:f6e144749355ee2a3473a2c295f8178b58e8bbf127d45bbc670a30df0e44b27b"},
    {file = "cryptg-0.5.0.post0-cp311-cp311-win32.whl", hash = "sha256:2ea4ac6a1b8677c41b0df368be7779ed19b07ef033a290d35b0bf2d202a34ca9"},
    {file = "cryptg-0.5.0.post0-cp311-cp311-win_amd64.whl", hash = "sha256:882f12602db8d1021271a83275fb5b56bd6dbea22a6de086c26f4a22263d6c53"},
    {file = "cryptg-0.5.0.post0-cp312-cp312-macosx_11_0_arm64.whl", hash = "sha256:39795b25237da4ca6140cf4c2924807bfb683e528823ebbbae45b95f174ec903"},
    {file = "cryptg-0.5.0.post0-cp312-cp312-manylinux_2_17_aarch64.manylinux2014_aarch64.whl", hash = "sha256:84f6b6f623d894ff88429805b7a1670f43df7dd05a71edc2f3c7b34175182c99"},
    {file = "cryptg-0.5.0.post0-cp312-cp312-manylinux_2_17_x86_64.manylinux2014_x86_64.whl", hash = "sha256:9107b7daf308b453f00635f0491e4e658034925f19aa8d6623c73fe4e5764178"},
    {file = "cryptg-0.5.0.post0-cp312-cp312-manylinux_2_5_i686.manylinux1_i686.manylinux_2_17_i686.manylinux2014_i686.whl", hash = "sha256:96da29d91bab292a7f91c43e27367529b5e9e81c894ceea29055460d0fe86346"},
    {file = "cryptg-0.5.0.post0-cp312-cp312-win32.whl", hash = "sha256:2ff7f381746f0fcec3b8a25f5d39b9f7c84d7c59d5d27d5c4d53c6b2ba927a98"},
    {file = "cryptg-0.5.0.post0-cp312-cp312-win_amd64.whl", hash = "sha256:cef8ed1144e11b3fbb85c2bddac45a783fedec7e7a78980b195a9b217087c619"},
    {file = "cryptg-0.5.0.post0-cp313-cp313-macosx_11_0_arm64.whl", hash = "sha256:9dfc86e0a4b200585b0d0a0ab349738f22b8ff9d14621ed7b37a2a415b78c3a5"},
    {file = "cryptg-0.5.0.post0-cp313-cp313-manylinux_2_17_aarch64.manylinux2014_aarch64.whl", hash = "sha256:9abb52b4d6c275f7148acec5a712c9731280794cd46b4e0fae8c6428f7ba5858"},
    {file = "cryptg-0.5.0.post0-cp313-cp313-manylinux_2_17_x86_64.manylinux2014_x86_64.whl", hash = "sha256:852e88327fc0050c47a1973e0ca33ffb7211c3d739965bff923fc202aeda1567"},
    {file = "cryptg-0.5.0.post0-cp313-cp313-manylinux_2_5_i686.manylinux1_i686.manylinux_2_17_i686.manylinux2014_i686.whl", hash = "sha256:feb3dc38d1766470239c76ca2f5003d8233d3a179a342e8731d5c5c6c57c08c9"},
    {file = "cryptg-0.5.0.post0-cp313-cp313-win32.whl", hash = "sha256:2adfb6ddeb7be5678121e254b7d113e6f25923a8c9c41dff2b7c777eb6b318ff"},
    {file = "cryptg-0.5.0.post0-cp313-cp313-win_amd64.whl", hash = "sha256:e0666f1d4dc551c1cb86378b7adf4d927a1a79fafd9c25e88bda1de43e6d1f7b"},
    {file = "cryptg-0.5.0.post0-cp37-cp37m-manylinux_2_17_aarch64.manylinux2014_aarch64.whl", hash = "sha256:2b576af2135cc8238cd0a9fc1fe80b0b67b39e80ebd94d34235d1fc0da406ee1"},
    {file = "cryptg-0.5.0.post0-cp37-cp37m-manylinux_2_17_x86_64.manylinux2014_x86_64.whl", hash = "sha256:9595969e5e52885be4f0c7498891dbec462e0606924320f5cd229248758f1866"},
    {file = "cryptg-0.5.0.post0-cp37-cp37m-manylinux_2_5_i686.manylinux1_i686.manylinux_2_17_i686.manylinux2014_i686.whl", hash = "sha256:896e327143e103ce7690ac140e67492a890b0b4ec0d52d5db1701c5e140b52f1"},
    {file = "cryptg-0.5.0.post0-cp37-cp37m-win32.whl", hash = "sha256:0c93d1744b9bcc15244bf343a63c8248c78ba920129ecbbe08fb6b17c40b5797"},
    {file = "cryptg-0.5.0.post0-cp37-cp37m-win_amd64.whl", hash = "sha256:32c37eaeb26a5360735520c03f5a499b43c9d0787f2fb6f34fca7d5ad71789e2"},
    {file = "cryptg-0.5.0.post0-cp38-cp38-macosx_11_0_arm64.whl", hash = "sha256:3872fdf62cb5a977a5d4c2a76c808c7bea3559350f468e902c8da4b67a8375e7"},
    {file = "cryptg-0.5.0.post0-cp38-cp38-manylinux_2_17_aarch64.manylinux2014_aarch64.whl", hash = "sha256:99481f08c52a5d5f3bc5889d45cf75b9c69ed15c537f369ffe77ca5c365fdab0"},
    {file = "cryptg-0.5.0.post0-cp38-cp38-manylinux_2_17_x86_64.manylinux2014_x86_64.whl", hash = "sha256:eb525eb3e2af680c66e82a73256e54f50c7fd5dd648555e350451a3661c8944d"},
    {file = "cryptg-0.5.0.post0-cp38-cp38-manylinux_2_5_i686.manylinux1_i686.manylinux_2_17_i686.manylinux2014_i686.whl", hash = "sha256:1278f2e6a9f349d9a6bbdfd900dd0784a07bc182f05de694628bec18077b922d"},
    {file = "cryptg-0.5.0.post0-cp38-cp38-win32.whl", hash = "sha256:cad91aafaa06468237eeb03004ff4b0664e4f69cfb473f6159707c23b08198c4"},
    {file = "cryptg-0.5.0.post0-cp38-cp38-win_amd64.whl", hash = "sha256:b6dd75e7ec26fdc9747ad6d4ca1aba6ad366b8c246976714e499a58d8e52f03a"},
    {file = "cryptg-0.5.0.post0-cp39-cp39-macosx_11_0_arm64.whl", hash = "sha256:d9965ecb7e981bd3a5c4f7ead90007acae21622f73f9cc71df8fdb43f9fce5a4"},
    {file = "cryptg-0.5.0.post0-cp39-cp39-manylinux_2_17_aarch64.manylinux2014_aarch64.whl", hash = "sha256:a5f61d0bf0ce197c6d96e8abe9e810de206bf010e41b645d4b06bd416108de47"},
    {file = "cryptg-0.5.0.post0-cp39-cp39-manylinux_2_17_x86_64.manylinux2014_x86_64.whl", hash = "sha256:b589c0e3d45ff3fcfd357d31be05669aa5735c912e4f93d26b34dd6e86f878a3"},
    {file = "cryptg-0.5.0.post0-cp39-cp39-manylinux_2_5_i686.manylinux1_i686.manylinux_2_17_i686.manylinux2014_i686.whl", hash = "sha256:cb72af3ba1b8e9f39c8990a32c355b9fd7f26ee6b377303bba240f857ff6478d"},
    {file = "cryptg-0.5.0.post0-cp39-cp39-win32.whl", hash = "sha256:1baeff7a8a208998d4f8512833586199058310e058f301834ceec621cbf4618a"},
    {file = "cryptg-0.5.0.post0-cp39-cp39-win_amd64.whl", hash = "sha256:5d3505c47b1e65775802b28f103b352ef9f6140d3e1004bb8afa5c2a09675f3e"},
    {file = "cryptg-0.5.0.post0-pp310-pypy310_pp73-macosx_11_0_arm64.whl", hash = "sha256:5451cf4a0ec7535a3cef10789b8e40ccd17dff90afd65627df56307dd00a1bf1"},
    {file = "cryptg-0.5.0.post0-pp310-pypy310_pp73-manylinux_2_17_aarch64.manylinux2014_aarch64.whl", hash = "sha256:6795041b09f68e11050921599be33868b0d9ebb47cb84443392dd847516659f3"},
    {file = "cryptg-0.5.0.post0-pp310-pypy310_pp73-manylinux_2_17_x86_64.manylinux2014_x86_64.whl", hash = "sha256:1105e5035a28eba4878ff937032b873af66606c0a5bf2deadee0216f0aef067d"},
    {file = "cryptg-0.5.0.post0-pp310-pypy310_pp73-manylinux_2_5_i686.manylinux1_i686.manylinux_2_17_i686.manylinux2014_i686.whl", hash = "sha256:cd3b8b790dca04ad9cc755383cd563f032027271d9bd763f9486ec527daa909e"},
    {file = "cryptg-0.5.0.post0-pp310-pypy310_pp73-win_amd64.whl", hash = "sha256:cb7d27457634179fa3c1f8b20d70a81b6fa05e21e695c7c65b3c6dbaf72a247c"},
    {file = "cryptg-0.5.0.post0-pp37-pypy37_pp73-manylinux_2_17_aarch64.manylinux2014_aarch64.whl", hash = "sha256:a37317f617dc4c1e0b0b042712948b2c817703e8e9334da3a9e5f24c31fbfc32"},
    {file = "cryptg-0.5.0.post0-pp37-pypy37_pp73-manylinux_2_17_x86_64.manylinux2014_x86_64.whl", hash = "sha256:7284e58ad588413e50bc66e29f6441734af5cdbf21504ee3ba2dea079b9fbc86"},
    {file = "cryptg-0.5.0.post0-pp37-pypy37_pp73-manylinux_2_5_i686.manylinux1_i686.manylinux_2_17_i686.manylinux2014_i686.whl", hash = "sha256:ec43094134043a594e1e19036749608c788c3b21bbf5a56f76a723ea2facc865"},
    {file = "cryptg-0.5.0.post0-pp37-pypy37_pp73-win_amd64.whl", hash = "sha256:cb8eb05d872291db96317c332adfe86350c0ce06c1ca6704133bdcef95e383fd"},
    {file = "cryptg-0.5.0.post0-pp38-pypy38_pp73-macosx_11_0_arm64.whl", hash = "sha256:caec1871de5798f504a62bfb004f2060e60ea4edad636a298f176335e0976ffc"},
    {file = "cryptg-0.5.0.post0-pp38-pypy38_pp73-manylinux_2_17_aarch64.manylinux2014_aarch64.whl", hash = "sha256:277985cefe02e0bd027316ee2daacff29387af6b930c44bd1e1ffba37ddc1c8d"},
    {file = "cryptg-0.5.0.post0-pp38-pypy38_pp73-manylinux_2_17_x86_64.manylinux2014_x86_64.whl", hash = "sha256:0d53a9fea1c6331418a60b9a93db3d6dac5e54fa10f1d4b8f8b77107c58bbaaa"},
    {file = "cryptg-0.5.0.post0-pp38-pypy38_pp73-manylinux_2_5_i686.manylinux1_i686.manylinux_2_17_i686.manylinux2014_i686.whl", hash = "sha256:ecf7b9be44d9edb50e3ae5a4afb3caa952c707c62b327772abacfacf72b50c76"},
    {file = "cryptg-0.5.0.post0-pp38-pypy38_pp73-win_amd64.whl", hash = "sha256:fc270c303989ddfbb961bac0aa84a98eb57de2e1462089a003ad14f375d1b72d"},
    {file = "cryptg-0.5.0.post0-pp39-pypy39_pp73-macosx_11_0_arm64.whl", hash = "sha256:f417cd83bc39b62c0183bfd87d1f47487eb0380dfecc4227aa0f262710e28ecc"},
    {file = "cryptg-0.5.0.post0-pp39-pypy39_pp73-manylinux_2_17_aarch64.manylinux2014_aarch64.whl", hash = "sha256:70a751732f55e611106561c8db74c0de77e22bfe5d7f7b902bb0f0bf783a42e7"},
    {file = "cryptg-0.5.0.post0-pp39-pypy39_pp73-manylinux_2_17_x86_64.manylinux2014_x86_64.whl", hash = "sha256:c9ebd0e32d67d835b306d076e39b68b05dc178d7723a35397550af24eb87d280"},
    {file = "cryptg-0.5.0.post0-pp39-pypy39_pp73-manylinux_2_5_i686.manylinux1_i686.manylinux_2_17_i686.manylinux2014_i686.whl", hash = "sha256:ec12886a4131aab2b23b434cbec5e8ad88faf8824421f4070b808e2123a1c102"},
    {file = "cryptg-0.5.0.post0-pp39-pypy39_pp73-win_amd64.whl", hash = "sha256:0b4a03a838843d7980bd3a476d3e594883f41ab510da65f34e0d37b35025199c"},
    {file = "cryptg-0.5.0.post0.tar.gz", hash = "sha256:be5b36e662a73c9b2f1e02e4f0d71b0f97870e514e924d5988d7253a780e3a7b"},
]

[[package]]
name = "pyaes"
version = "1.6.1"
description = "Pure-Python Implementation of the AES block-cipher and common modes of operation"
optional = false
python-versions = "*"
files = [
    {file = "pyaes-1.6.1.tar.gz", hash = "sha256:02c1b1405c38d3c370b085fb952dd8bea3fadcee6411ad99f312cc129c536d8f"},
]

[[package]]
name = "pyasn1"
version = "0.6.1"
description = "Pure-Python implementation of ASN.1 types and DER/BER/CER codecs (X.208)"
optional = false
python-versions = ">=3.8"
files = [
    {file = "pyasn1-0.6.1-py3-none-any.whl", hash = "sha256:0d632f46f2ba09143da3a8afe9e33fb6f92fa2320ab7e886e2d0f7672af84629"},
    {file = "pyasn1-0.6.1.tar.gz", hash = "sha256:6f580d2bdd84365380830acf45550f2511469f673cb4a5ae3857a3170128b034"},
]

[[package]]
name = "pyrogram"
version = "2.0.106"
description = "Elegant, modern and asynchronous Telegram MTProto API framework in Python for users and bots"
optional = false
python-versions = "~=3.7"
files = [
    {file = "Pyrogram-2.0.106-py3-none-any.whl", hash = "sha256:32b62b3d93030b1080cbe45b88c0e8790cf4e2179cf3321ede810d48edf97bc7"},
    {file = "Pyrogram-2.0.106.tar.gz", hash = "sha256:30202995758fcb6e0f91224704ab7fedefea454297724bd70a6a71a23748c16f"},
]

[package.dependencies]
pyaes = "1.6.1"
pysocks = "1.7.1"

[[package]]
name = "pysocks"
version = "1.7.1"
description = "A Python SOCKS client module. See https://github.com/Anorov/PySocks for more information."
optional = false
python-versions = ">=2.7, !=3.0.*, !=3.1.*, !=3.2.*, !=3.3.*"
files = [
    {file = "PySocks-1.7.1-py27-none-any.whl", hash = "sha256:08e69f092cc6dbe92a0fdd16eeb9b9ffbc13cadfe5ca4c7bd92ffb078b293299"},
    {file = "PySocks-1.7.1-py3-none-any.whl", hash = "sha256:2725bd0a9925919b9b51739eea5f9e2bae91e83288108a9ad338b2e3a4435ee5"},
    {file = "PySocks-1.7.1.tar.gz", hash = "sha256:3f8804571ebe159c380ac6de37643bb4685970655d3bba243530d6558b799aa0"},
]

[[package]]
name = "rsa"
version = "4.9.1"
description = "Pure-Python RSA implementation"
optional = false
python-versions = "<4,>=3.6"
files = [
    {file = "rsa-4.9.1-py3-none-any.whl", hash = "sha256:68635866661c6836b8d39430f97a996acbd61bfa49406748ea243539fe239762"},
    {file = "rsa-4.9.1.tar.gz", hash = "sha256:e7bdbfdb5497da4c07dfd35530e1a902659db6ff241e39d9953cad06ebd0ae75"},
]

[package.dependencies]
pyasn1 = ">=0.1.3"

[[package]]
name = "telethon"
version = "1.40.0"
description = "Full-featured Telegram client library for Python 3"
optional = false
python-versions = ">=3.5"
files = [
    {file = "Telethon-1.40.0-py3-none-any.whl", hash = "sha256:146fd4cb2a7afa66bc67f9c2167756096a37b930f65711a3e7399ec9874dcfa7"},
    {file = "telethon-1.40.0.tar.gz", hash = "sha256:40e83326877a2e68b754d4b6d0d1ca5ac924110045b039e02660f2d67add97db"},
]

[package.dependencies]
pyaes = "*"
rsa = "*"

[package.extras]
cryptg = ["cryptg"]

[[package]]
name = "tgcrypto"
version = "1.2.5"
description = "Fast and Portable Cryptography Extension Library for Pyrogram"
optional = false
python-versions = "~=3.7"
files = [
    {file = "TgCrypto-1.2.5-cp310-cp310-macosx_10_9_universal2.whl", hash = "sha256:4507102377002966f35f2481830b7529e00c9bbff8c7d1e09634f984af801675"},
    {file = "TgCrypto-1.2.5-cp310-cp310-macosx_10_9_x86_64.whl", hash = "sha256:38fe25c0d79b41d7a89caba2a78dea0358e17ca73b033cefd16abed680685829"},
    {file = "TgCrypto-1.2.5-cp310-cp310-macosx_11_0_arm64.whl", hash = "sha256:c035bf8ef89846f67e77e82ea85c089b6ea30631b32e8ac1a6511b9be52ab065"},
    {file = "TgCrypto-1.2.5-cp310-cp310-manylinux_2_17_x86_64.manylinux2014_x86_64.whl", hash = "sha256:f594e2680daf20dbac6bf56862f567ddc3cc8d6a19757ed07faa8320ff7acee4"},
    {file = "TgCrypto-1.2.5-cp310-cp310-manylinux_2_5_i686.manylinux1_i686.manylinux_2_17_i686.manylinux2014_i686.whl", hash = "sha256:8723a16076e229ffdf537fdb5e638227d10f44ca43e6939db1eab524de6eaed7"},
    {file = "TgCrypto-1.2.5-cp310-cp310-musllinux_1_1_i686.whl", hash = "sha256:c1c8d974b8b2d7132364b6f0f6712b92bfe47ab9c5dcee25c70327ff68d22d95"},
    {file = "TgCrypto-1.2.5-cp310-cp310-musllinux_1_1_x86_64.whl", hash = "sha256:89d9c143a1fcdb2562a4aa887152abbe9253e1979d7bebef2b489148e0bbe086"},
    {file = "TgCrypto-1.2.5-cp310-cp310-win32.whl", hash = "sha256:aa4bc1d11d4a90811c162abd45a5981f171679d1b5bd0322cd7ccd16447366a2"},
    {file = "TgCrypto-1.2.5-cp310-cp310-win_amd64.whl", hash = "sha256:39145103614c5e38fe938549742d355920f4a0778fa8259eb69c0c85ba4b1d28"},
    {file = "TgCrypto-1.2.5-cp311-cp311-macosx_10_9_universal2.whl", hash = "sha256:59597cdb1c87eb1184088563d20b42a8f2e431e9334fed64926079044ad2a4af"},
    {file = "TgCrypto-1.2.5-cp311-cp311-macosx_10_9_x86_64.whl", hash = "sha256:1283337ae75b02406dd700377b8b783e70033b548492517df6e6c4156b0ed69c"},
    {file = "TgCrypto-1.2.5-cp311-cp311-macosx_11_0_arm64.whl", hash = "sha256:1735437df0023a40e5fdd95e6b09ce806ec8f2cd2f8879023818840dfae60cab"},
    {file = "TgCrypto-1.2.5-cp311-cp311-manylinux_2_17_x86_64.manylinux2014_x86_64.whl", hash = "sha256:cfa17a20206532c6d2442c9d7a7f6434120bd75896ad9a3e9b9277477afa084f"},
    {file = "TgCrypto-1.2.5-cp311-cp311-manylinux_2_5_i686.manylinux1_i686.manylinux_2_17_i686.manylinux2014_i686.whl", hash = "sha256:48da3674474839e5619e7430ff1f98aed9f55369f3cfaef7f65511852869572e"},
    {file = "TgCrypto-1.2.5-cp311-cp311-musllinux_1_1_i686.whl", hash = "sha256:b49e982e5b156be821a5235bd9102c00dc506a58607e2c8bd50ac872724a951f"},
    {file = "TgCrypto-1.2.5-cp311-cp311-musllinux_1_1_x86_64.whl", hash = "sha256:9d9f13586065a6d86d05c16409054033a84be208acee29b49f6f194e27b08642"},
    {file = "TgCrypto-1.2.5-cp311-cp311-win32.whl", hash = "sha256:10dd3870aecb1a783c6eafd3b164b2149dbc93a9ee13feb7e6f5c58f87c24cd0"},
    {file = "TgCrypto-1.2.5-cp311-cp311-win_amd64.whl", hash = "sha256:a1beec47d6af8b509af7cf266e30f7703208076076594714005b42d2c25225b3"},
    {file = "TgCrypto-1.2.5-cp37-cp37m-macosx_10_9_x86_64.whl", hash = "sha256:c133ddc95ae9c6cd6ad742c4b8c30191214db8dc724268bee59a339e22b2028b"},
    {file = "TgCrypto-1.2.5-cp37-cp37m-manylinux_2_17_x86_64.manylinux2014_x86_64.whl", hash = "sha256:7f6537f6af3d80be67bd2625a0990ee88c6ae58d33bdb88d99591bd6e97ee7a0"},
    {file = "TgCrypto-1.2.5-cp37-cp37m-manylinux_2_5_i686.manylinux1_i686.manylinux_2_17_i686.manylinux2014_i686.whl", hash = "sha256:bdebbd9cffd10c42a2f60886dcab0272ddd38330d0cf7ccf026230b826573f59"},
    {file = "TgCrypto-1.2.5-cp37-cp37m-musllinux_1_1_i686.whl", hash = "sha256:45683659ec6475ee8ff60e12167ec19aacfd7527decafe446434fa1a7e6760a7"},
    {file = "TgCrypto-1.2.5-cp37-cp37m-musllinux_1_1_x86_64.whl", hash = "sha256:eafad246fd9aa63ff709a6e8c905c24fd7520ef96e33a2c3e1ccdb4fb2b2f331"},
    {file = "TgCrypto-1.2.5-cp37-cp37m-win32.whl", hash = "sha256:1445217d22101946d38ee7d628cdb3de92db4eb130183a22030c07d7888f21b0"},
    {file = "TgCrypto-1.2.5-cp37-cp37m-win_amd64.whl", hash = "sha256:b7e8402fe4023dc9666c0bc1b30fcf0d98a294e48d35f311a3eadfe105af04d4"},
    {file = "TgCrypto-1.2.5-cp38-cp38-macosx_10_9_universal2.whl", hash = "sha256:56e1ec34e75fa2e3dcf7f74f1017d8e16c1eb8a8e031eaaa06c57f836e0d3bcc"},
    {file = "TgCrypto-1.2.5-cp38-cp38-macosx_10_9_x86_64.whl", hash = "sha256:ca8814d6cc412775a43a021fce2d23e83a5336e9e9f38d0998d821cdf55c1d50"},
    {file = "TgCrypto-1.2.5-cp38-cp38-macosx_11_0_arm64.whl", hash = "sha256:bb82e53f20ce5653573832f3c05fa525cc1769bdd685408b19f26d82d5e9001b"},
    {file = "TgCrypto-1.2.5-cp38-cp38-manylinux_2_17_x86_64.manylinux2014_x86_64.whl", hash = "sha256:0133936eac63cc9529b497d759b7d0ca21e491bb42481b40b603ee63bb8c10b7"},
    {file = "TgCrypto-1.2.5-cp38-cp38-manylinux_2_5_i686.manylinux1_i686.manylinux_2_17_i686.manylinux2014_i686.whl", hash = "sha256:76fe0a3ad838dcf300ac88233cbffc2ad63478eb0ae9fa671694e184d88ec1cd"},
    {file = "TgCrypto-1.2.5-cp38-cp38-musllinux_1_1_i686.whl", hash = "sha256:7070c6e063befb6d04eab46e8b1ffbee47a497971be11496d23837fc007e7685"},
    {file = "TgCrypto-1.2.5-cp38-cp38-musllinux_1_1_x86_64.whl", hash = "sha256:ed53d0c4a5e6f75d4b1cab17535afe210cd3120fb88f44a8c4562d43c2a3bb16"},
    {file = "TgCrypto-1.2.5-cp38-cp38-win32.whl", hash = "sha256:f7ec9f0a571fcc38fbee224943ed9918123f752ac19bae5c195d8322f5b20fab"},
    {file = "TgCrypto-1.2.5-cp38-cp38-win_amd64.whl", hash = "sha256:362ab28fc75e6b066e5bb15fb5296f75f4238d6c1cbcaaa1e5756cd5c168b74b"},
    {file = "TgCrypto-1.2.5-cp39-cp39-macosx_10_9_universal2.whl", hash = "sha256:7885a75db09ce8bdba42d2c332085bfe314f232541a729808c7507ffa261ff9a"},
    {file = "TgCrypto-1.2.5-cp39-cp39-macosx_10_9_x86_64.whl", hash = "sha256:0d28aa317364a5c27317fe97a48267aa1c65c9aaf589909e97489ebe82a714e3"},
    {file = "TgCrypto-1.2.5-cp39-cp39-macosx_11_0_arm64.whl", hash = "sha256:940974e19044dc65bcf7b9c5255173b896dff010142f3833047dc55d59cde21c"},
    {file = "TgCrypto-1.2.5-cp39-cp39-manylinux_2_17_x86_64.manylinux2014_x86_64.whl", hash = "sha256:457c657dd10ffb4bbbb007132a0f6a7bee5080176a98c51f285fedf636b624cb"},
    {file = "TgCrypto-1.2.5-cp39-cp39-manylinux_2_5_i686.manylinux1_i686.manylinux_2_17_i686.manylinux2014_i686.whl", hash = "sha256:539bdc6b9239fb6a6b134591a998dc7f50d4dcc4fed861f80540682acc0c3802"},
    {file = "TgCrypto-1.2.5-cp39-cp39-musllinux_1_1_i686.whl", hash = "sha256:4d70d5517d64ca952896b726d22c8a66594e6f6259ee2cb4fa134c02d0e8c3e0"},
    {file = "TgCrypto-1.2.5-cp39-cp39-musllinux_1_1_x86_64.whl", hash = "sha256:90b6337d3ae4348ed14f89dd2ebf7011fa63d67a48c8a98d955a1e392176c60a"},
    {file = "TgCrypto-1.2.5-cp39-cp39-win32.whl", hash = "sha256:37c4b9be82716fbc6d2b123caef448eee28683888803db075d842327766f7624"},
    {file = "TgCrypto-1.2.5-cp39-cp39-win_amd64.whl", hash = "sha256:6e96b3a478fae977228c5750194c20a18cde402bbbea6593de424f84d4a8893b"},
    {file = "TgCrypto-1.2.5-pp37-pypy37_pp73-macosx_10_9_x86_64.whl", hash = "sha256:4d93686e6254eb0a32a0a60e849b41a867a2770b27b48f978fd391dce2b83aeb"},
    {file = "TgCrypto-1.2.5-pp37-pypy37_pp73-manylinux_2_17_x86_64.manylinux2014_x86_64.whl", hash = "sha256:7b7fe81fad7c64479c83f31fc10e79fb20a114bca414e5e17f5e0c8b363153f8"},
    {file = "TgCrypto-1.2.5-pp37-pypy37_pp73-manylinux_2_5_i686.manylinux1_i686.manylinux_2_17_i686.manylinux2014_i686.whl", hash = "sha256:ace308f5842a0d6c04fc1ae92cb4320b4b13bfc711031c1c18d9124697685ba0"},
    {file = "TgCrypto-1.2.5-pp37-pypy37_pp73-win_amd64.whl", hash = "sha256:36a570ecd12a428222b10ea8b5a8e0d83ea8750e4de1d5ea53d068b84341b450"},
    {file = "TgCrypto-1.2.5-pp38-pypy38_pp73-macosx_10_9_x86_64.whl", hash = "sha256:ba9e067fd9751b3bbd7c979210431000e44f70001d921237e9c4672bf30f07bc"},
    {file = "TgCrypto-1.2.5-pp38-pypy38_pp73-manylinux_2_17_x86_64.manylinux2014_x86_64.whl", hash = "sha256:80e2414f1a95087d7e46fb54cb387df66424c4ec156fb1a8d8e1d4aa38eb65cf"},
    {file = "TgCrypto-1.2.5-pp38-pypy38_pp73-manylinux_2_5_i686.manylinux1_i686.manylinux_2_17_i686.manylinux2014_i686.whl", hash = "sha256:66c5b5bf701b5efc3e4c5d83439d767a3dd48f17a1d840eda6b4d1918844a8f9"},
    {file = "TgCrypto-1.2.5-pp38-pypy38_pp73-win_amd64.whl", hash = "sha256:5d27d6c414eb4775022b05fdd571090bfd92854115e86184ac1832060fbaa510"},
    {file = "TgCrypto-1.2.5-pp39-pypy39_pp73-macosx_10_9_x86_64.whl", hash = "sha256:9b0a088ff2e05b6bbe891da936f62b99bd85202b2b9f4f57f71a408490dd518c"},
    {file = "TgCrypto-1.2.5-pp39-pypy39_pp73-manylinux_2_17_x86_64.manylinux2014_x86_64.whl", hash = "sha256:f245895c7d518342089d15b5dca3cee9ffa5a0f3534db9d5a930f6a27dff4adf"},
    {file = "TgCrypto-1.2.5-pp39-pypy39_pp73-manylinux_2_5_i686.manylinux1_i686.manylinux_2_17_i686.manylinux2014_i686.whl", hash = "sha256:7dbf607d645c39a577a0f8571039d11ddd2dcdf9656465be75f9e0f540472444"},
    {file = "TgCrypto-1.2.5-pp39-pypy39_pp73-win_amd64.whl", hash = "sha256:d6b0c2dc84e632ce7b3d0b767cfe20967e557ad7d71ea5dbd7df2dd544323181"},
    {file = "TgCrypto-1.2.5.tar.gz", hash = "sha256:9bc2cac6fb9a12ef5b08f3dd500174fe374d89b660cce981f57e3138559cb682"},
]

[metadata]
lock-version = "2.0"
python-versions = "^3.11"
content-hash = "cb8fd3dddb7b156cff2203237e641b51d0239c7ccb65956db4af356e403f58df"
